
Microsoft Visual Studio Solution File, Format Version 12.00
# Visual Studio 15
VisualStudioVersion = 15.0.27703.2047
MinimumVisualStudioVersion = 10.0.40219.1
Project("{FAE04EC0-301F-11D3-BF4B-00C04F79EFBC}") = "UpdateGermanTrainModel", "UpdateGermanTrainModel\UpdateGermanTrainModel.csproj", "{33F95608-9608-481C-AAF5-BDB94D625281}"
EndProject
Global
	GlobalSection(SolutionConfigurationPlatforms) = preSolution
		Debug|Any CPU = Debug|Any CPU
		Release|Any CPU = Release|Any CPU
	EndGlobalSection
	GlobalSection(ProjectConfigurationPlatforms) = postSolution
		{33F95608-9608-481C-AAF5-BDB94D625281}.Debug|Any CPU.ActiveCfg = Debug|Any CPU
		{33F95608-9608-481C-AAF5-BDB94D625281}.Debug|Any CPU.Build.0 = Debug|Any CPU
		{33F95608-9608-481C-AAF5-BDB94D625281}.Release|Any CPU.ActiveCfg = Release|Any CPU
		{33F95608-9608-481C-AAF5-BDB94D625281}.Release|Any CPU.Build.0 = Release|Any CPU
	EndGlobalSection
	GlobalSection(SolutionProperties) = preSolution
		HideSolutionNode = FALSE
	EndGlobalSection
	GlobalSection(ExtensibilityGlobals) = postSolution
		SolutionGuid = {72E48E07-8F7E-4C0D-A95D-5BE9C8304090}
	EndGlobalSection
EndGlobal
